
Microsoft Visual Studio Solution File, Format Version 12.00
# Visual Studio Version 17
VisualStudioVersion = 17.0.31423.177
MinimumVisualStudioVersion = 10.0.40219.1
Project("{FAE04EC0-301F-11D3-BF4B-00C04F79EFBC}") = "MCServerSetup", "MCServerSetup\MCServerSetup.csproj", "{68B0EED8-01BB-4BF8-A24A-4A58933FF8C4}"
EndProject
Global
	GlobalSection(SolutionConfigurationPlatforms) = preSolution
		Debug|Any CPU = Debug|Any CPU
		Release|Any CPU = Release|Any CPU
	EndGlobalSection
	GlobalSection(ProjectConfigurationPlatforms) = postSolution
		{68B0EED8-01BB-4BF8-A24A-4A58933FF8C4}.Debug|Any CPU.ActiveCfg = Debug|Any CPU
		{68B0EED8-01BB-4BF8-A24A-4A58933FF8C4}.Debug|Any CPU.Build.0 = Debug|Any CPU
		{68B0EED8-01BB-4BF8-A24A-4A58933FF8C4}.Release|Any CPU.ActiveCfg = Release|Any CPU
		{68B0EED8-01BB-4BF8-A24A-4A58933FF8C4}.Release|Any CPU.Build.0 = Release|Any CPU
	EndGlobalSection
	GlobalSection(SolutionProperties) = preSolution
		HideSolutionNode = FALSE
	EndGlobalSection
	GlobalSection(ExtensibilityGlobals) = postSolution
		SolutionGuid = {EFA40D7C-CDD4-4D15-929D-E39603071AB7}
	EndGlobalSection
EndGlobal
